
Microsoft Visual Studio Solution File, Format Version 12.00
# Visual Studio Version 17
VisualStudioVersion = 17.4.33213.308
MinimumVisualStudioVersion = 10.0.40219.1
Project("{9A19103F-16F7-4668-BE54-9A1E7A4F7556}") = "DocumentService", "DocumentService.csproj", "{975F83D8-E1D1-4945-8191-EA5AAAC8D8AC}"
EndProject
Global
	GlobalSection(SolutionConfigurationPlatforms) = preSolution
		Debug|Any CPU = Debug|Any CPU
		Release|Any CPU = Release|Any CPU
	EndGlobalSection
	GlobalSection(ProjectConfigurationPlatforms) = postSolution
		{975F83D8-E1D1-4945-8191-EA5AAAC8D8AC}.Debug|Any CPU.ActiveCfg = Debug|Any CPU
		{975F83D8-E1D1-4945-8191-EA5AAAC8D8AC}.Debug|Any CPU.Build.0 = Debug|Any CPU
		{975F83D8-E1D1-4945-8191-EA5AAAC8D8AC}.Release|Any CPU.ActiveCfg = Release|Any CPU
		{975F83D8-E1D1-4945-8191-EA5AAAC8D8AC}.Release|Any CPU.Build.0 = Release|Any CPU
	EndGlobalSection
	GlobalSection(SolutionProperties) = preSolution
		HideSolutionNode = FALSE
	EndGlobalSection
	GlobalSection(ExtensibilityGlobals) = postSolution
		SolutionGuid = {996FA988-07E8-4827-AE96-ED7B83586AE7}
	EndGlobalSection
EndGlobal
