
Microsoft Visual Studio Solution File, Format Version 12.00
# Visual Studio Version 17
VisualStudioVersion = 17.4.33213.308
MinimumVisualStudioVersion = 10.0.40219.1
Project("{9A19103F-16F7-4668-BE54-9A1E7A4F7556}") = "OsmoDoc", "OsmoDoc\OsmoDoc.csproj", "{AC14A26A-220C-487E-9D7B-BB0548D86318}"
EndProject
Project("{9A19103F-16F7-4668-BE54-9A1E7A4F7556}") = "OsmoDoc.API", "OsmoDoc.API\OsmoDoc.API.csproj", "{2D2738C1-032B-441A-9298-1722A4915BD4}"
EndProject
Global
	GlobalSection(SolutionConfigurationPlatforms) = preSolution
		Debug|Any CPU = Debug|Any CPU
		Release|Any CPU = Release|Any CPU
	EndGlobalSection
	GlobalSection(ProjectConfigurationPlatforms) = postSolution
		{AC14A26A-220C-487E-9D7B-BB0548D86318}.Debug|Any CPU.ActiveCfg = Debug|Any CPU
		{AC14A26A-220C-487E-9D7B-BB0548D86318}.Debug|Any CPU.Build.0 = Debug|Any CPU
		{AC14A26A-220C-487E-9D7B-BB0548D86318}.Release|Any CPU.ActiveCfg = Release|Any CPU
		{AC14A26A-220C-487E-9D7B-BB0548D86318}.Release|Any CPU.Build.0 = Release|Any CPU
		{2D2738C1-032B-441A-9298-1722A4915BD4}.Debug|Any CPU.ActiveCfg = Debug|Any CPU
		{2D2738C1-032B-441A-9298-1722A4915BD4}.Debug|Any CPU.Build.0 = Debug|Any CPU
		{2D2738C1-032B-441A-9298-1722A4915BD4}.Release|Any CPU.ActiveCfg = Release|Any CPU
		{2D2738C1-032B-441A-9298-1722A4915BD4}.Release|Any CPU.Build.0 = Release|Any CPU
	EndGlobalSection
	GlobalSection(SolutionProperties) = preSolution
		HideSolutionNode = FALSE
	EndGlobalSection
	GlobalSection(ExtensibilityGlobals) = postSolution
		SolutionGuid = {996FA988-07E8-4827-AE96-ED7B83586AE7}
	EndGlobalSection
EndGlobal
